
Microsoft Visual Studio Solution File, Format Version 10.00
# Visual Studio 2008
Project("{8BC9CEB8-8B4A-11D0-8D11-00A0C91BC942}") = "T03CLOCK", "T03CLOCK.vcproj", "{DB1BD2D0-EE41-468B-A566-BB3B0839890E}"
EndProject
Global
	GlobalSection(SolutionConfigurationPlatforms) = preSolution
		Debug|Win32 = Debug|Win32
		Release|Win32 = Release|Win32
	EndGlobalSection
	GlobalSection(ProjectConfigurationPlatforms) = postSolution
		{DB1BD2D0-EE41-468B-A566-BB3B0839890E}.Debug|Win32.ActiveCfg = Debug|Win32
		{DB1BD2D0-EE41-468B-A566-BB3B0839890E}.Debug|Win32.Build.0 = Debug|Win32
		{DB1BD2D0-EE41-468B-A566-BB3B0839890E}.Release|Win32.ActiveCfg = Release|Win32
		{DB1BD2D0-EE41-468B-A566-BB3B0839890E}.Release|Win32.Build.0 = Release|Win32
	EndGlobalSection
	GlobalSection(SolutionProperties) = preSolution
		HideSolutionNode = FALSE
	EndGlobalSection
EndGlobal
