
Microsoft Visual Studio Solution File, Format Version 10.00
# Visual Studio 2008
Project("{8BC9CEB8-8B4A-11D0-8D11-00A0C91BC942}") = "T04PERM", "T04PERM.vcproj", "{A6D04A47-777F-47EB-86FF-8DCA5A276D63}"
EndProject
Global
	GlobalSection(SolutionConfigurationPlatforms) = preSolution
		Debug|Win32 = Debug|Win32
		Release|Win32 = Release|Win32
	EndGlobalSection
	GlobalSection(ProjectConfigurationPlatforms) = postSolution
		{A6D04A47-777F-47EB-86FF-8DCA5A276D63}.Debug|Win32.ActiveCfg = Debug|Win32
		{A6D04A47-777F-47EB-86FF-8DCA5A276D63}.Debug|Win32.Build.0 = Debug|Win32
		{A6D04A47-777F-47EB-86FF-8DCA5A276D63}.Release|Win32.ActiveCfg = Release|Win32
		{A6D04A47-777F-47EB-86FF-8DCA5A276D63}.Release|Win32.Build.0 = Release|Win32
	EndGlobalSection
	GlobalSection(SolutionProperties) = preSolution
		HideSolutionNode = FALSE
	EndGlobalSection
EndGlobal
